
Microsoft Visual Studio Solution File, Format Version 12.00
# Visual Studio Version 17
VisualStudioVersion = 17.9.34728.123
MinimumVisualStudioVersion = 10.0.40219.1
Project("{FAE04EC0-301F-11D3-BF4B-00C04F79EFBC}") = "ComposicaoPedido", "ComposicaoPedido\ComposicaoPedido.csproj", "{DA485290-81A1-4D26-96E8-E0FC539E1BFD}"
EndProject
Global
	GlobalSection(SolutionConfigurationPlatforms) = preSolution
		Debug|Any CPU = Debug|Any CPU
		Release|Any CPU = Release|Any CPU
	EndGlobalSection
	GlobalSection(ProjectConfigurationPlatforms) = postSolution
		{DA485290-81A1-4D26-96E8-E0FC539E1BFD}.Debug|Any CPU.ActiveCfg = Debug|Any CPU
		{DA485290-81A1-4D26-96E8-E0FC539E1BFD}.Debug|Any CPU.Build.0 = Debug|Any CPU
		{DA485290-81A1-4D26-96E8-E0FC539E1BFD}.Release|Any CPU.ActiveCfg = Release|Any CPU
		{DA485290-81A1-4D26-96E8-E0FC539E1BFD}.Release|Any CPU.Build.0 = Release|Any CPU
	EndGlobalSection
	GlobalSection(SolutionProperties) = preSolution
		HideSolutionNode = FALSE
	EndGlobalSection
	GlobalSection(ExtensibilityGlobals) = postSolution
		SolutionGuid = {F10FA147-0CE2-489B-9DF8-8BA8CDC2C08D}
	EndGlobalSection
EndGlobal
